
Microsoft Visual Studio Solution File, Format Version 12.00
# Visual Studio 2013
VisualStudioVersion = 12.0.21005.1
MinimumVisualStudioVersion = 10.0.40219.1
Project("{FAE04EC0-301F-11D3-BF4B-00C04F79EFBC}") = "CodeTrip.Utils.ConfigFileChanger", "CodeTrip.Utils.ConfigFileChanger\CodeTrip.Utils.ConfigFileChanger.csproj", "{62238195-4C5B-4F47-BE61-B09A1090A783}"
EndProject
Project("{FAE04EC0-301F-11D3-BF4B-00C04F79EFBC}") = "CodeTrip.Utils.ConfigFileChanger.Tests", "CodeTrip.Utils.ConfigFileChanger.Tests\CodeTrip.Utils.ConfigFileChanger.Tests.csproj", "{F31DCBBF-C279-45CD-ADB4-D6B2C93BEC1B}"
EndProject
Global
	GlobalSection(SolutionConfigurationPlatforms) = preSolution
		Debug|Any CPU = Debug|Any CPU
		Release|Any CPU = Release|Any CPU
	EndGlobalSection
	GlobalSection(ProjectConfigurationPlatforms) = postSolution
		{62238195-4C5B-4F47-BE61-B09A1090A783}.Debug|Any CPU.ActiveCfg = Debug|Any CPU
		{62238195-4C5B-4F47-BE61-B09A1090A783}.Debug|Any CPU.Build.0 = Debug|Any CPU
		{62238195-4C5B-4F47-BE61-B09A1090A783}.Release|Any CPU.ActiveCfg = Release|Any CPU
		{62238195-4C5B-4F47-BE61-B09A1090A783}.Release|Any CPU.Build.0 = Release|Any CPU
		{F31DCBBF-C279-45CD-ADB4-D6B2C93BEC1B}.Debug|Any CPU.ActiveCfg = Debug|Any CPU
		{F31DCBBF-C279-45CD-ADB4-D6B2C93BEC1B}.Debug|Any CPU.Build.0 = Debug|Any CPU
		{F31DCBBF-C279-45CD-ADB4-D6B2C93BEC1B}.Release|Any CPU.ActiveCfg = Release|Any CPU
		{F31DCBBF-C279-45CD-ADB4-D6B2C93BEC1B}.Release|Any CPU.Build.0 = Release|Any CPU
	EndGlobalSection
	GlobalSection(SolutionProperties) = preSolution
		HideSolutionNode = FALSE
	EndGlobalSection
EndGlobal
